<?xml version="1.0" encoding="utf-8"?>
<Project ToolsVersion="4.0" xmlns="http://schemas.microsoft.com/developer/msbuild/2003">
  <ItemGroup>
    <Filter Include="Source Files">
      <UniqueIdentifier>{4FC737F1-C7A5-4376-A066-2A32D752A2FF}</UniqueIdentifier>
      <Extensions>cpp;c;cc;cxx;c++;cppm;ixx;def;odl;idl;hpj;bat;asm;asmx</Extensions>
    </Filter>
    <Filter Include="Engine">
      <UniqueIdentifier>{08936880-66d0-4571-aba9-1657ab087273}</UniqueIdentifier>
    </Filter>
    <Filter Include="Engine\assets">
      <UniqueIdentifier>{b6f77e17-a258-423a-86e7-4474e883d872}</UniqueIdentifier>
    </Filter>
    <Filter Include="Engine\assets\ascii-sheets">
      <UniqueIdentifier>{9d203c50-b8e4-459e-9ce2-62ec0cae9d9e}</UniqueIdentifier>
    </Filter>
    <Filter Include="Engine\GUI">
      <UniqueIdentifier>{227a7e7b-83d0-43ec-9788-8eabe05b8871}</UniqueIdentifier>
    </Filter>
    <Filter Include="Engine\Shader">
      <UniqueIdentifier>{b943e8b8-ae75-407d-9c8d-707daf02b96e}</UniqueIdentifier>
    </Filter>
    <Filter Include="Engine\Shader\sprite2d">
      <UniqueIdentifier>{a8b2348a-a1df-4669-a879-5f2c26c76ba2}</UniqueIdentifier>
    </Filter>
    <Filter Include="Engine\Shader\sprite3d">
      <UniqueIdentifier>{8b4631ff-aba0-4141-832c-95c92131abe2}</UniqueIdentifier>
    </Filter>
    <Filter Include="Engine\Header Files">
      <UniqueIdentifier>{22885dde-6a70-4c8f-8c4f-0bbffada6d89}</UniqueIdentifier>
    </Filter>
    <Filter Include="Engine\Source Files">
      <UniqueIdentifier>{ffd7efdb-5040-4bb3-84e1-8641016ceab2}</UniqueIdentifier>
    </Filter>
    <Filter Include="Engine\Header Files\Image">
      <UniqueIdentifier>{e9a4415d-3c06-408d-8482-2017ca9b5b06}</UniqueIdentifier>
    </Filter>
    <Filter Include="Engine\Header Files\Sprite">
      <UniqueIdentifier>{601e33a2-9f3e-4bdf-ac73-d1af89e2775f}</UniqueIdentifier>
    </Filter>
    <Filter Include="Engine\Header Files\Array">
      <UniqueIdentifier>{8cd7c839-0021-4c96-a6ec-e25c1307325a}</UniqueIdentifier>
    </Filter>
    <Filter Include="Engine\Header Files\Decal">
      <UniqueIdentifier>{af18538c-7444-4b0d-b2f4-fe3983b87116}</UniqueIdentifier>
    </Filter>
    <Filter Include="Content">
      <UniqueIdentifier>{58c9e69b-9822-4f45-af40-54aea75bdb48}</UniqueIdentifier>
    </Filter>
    <Filter Include="Content\Sprites">
      <UniqueIdentifier>{33a117b5-752d-4508-b720-65b1b80d81d4}</UniqueIdentifier>
    </Filter>
    <Filter Include="Content\Shader">
      <UniqueIdentifier>{f96de2d8-8b32-46b1-aba7-9fce1314ec5e}</UniqueIdentifier>
    </Filter>
    <Filter Include="Content\Sprites\gui">
      <UniqueIdentifier>{8881b082-ef9e-4b43-8592-825467377f8c}</UniqueIdentifier>
    </Filter>
    <Filter Include="Content\Sprites\blocks">
      <UniqueIdentifier>{603d394f-5439-4aa3-b018-5589917ccf0b}</UniqueIdentifier>
    </Filter>
    <Filter Include="GameMechanics">
      <UniqueIdentifier>{d00cc373-ccd3-4fed-928f-9450af00b92d}</UniqueIdentifier>
    </Filter>
    <Filter Include="GameMechanics\CoreGame">
      <UniqueIdentifier>{8905a6ce-b3a7-4318-acc3-cd11479cc6c1}</UniqueIdentifier>
    </Filter>
    <Filter Include="GameMechanics\Entity">
      <UniqueIdentifier>{93740a12-1930-4f7f-bc65-3f1dbed7c8f2}</UniqueIdentifier>
    </Filter>
    <Filter Include="GameMechanics\Gamemode">
      <UniqueIdentifier>{e56cd79a-8d50-467b-9eb3-0a85433f23a9}</UniqueIdentifier>
    </Filter>
    <Filter Include="Physics">
      <UniqueIdentifier>{6da944fe-78b7-4507-8188-aa7d04cca044}</UniqueIdentifier>
    </Filter>
    <Filter Include="Render">
      <UniqueIdentifier>{0fb346c9-86c3-490a-91b3-ef4136816db7}</UniqueIdentifier>
    </Filter>
    <Filter Include="WorldGeneration">
      <UniqueIdentifier>{42b28cb2-c0c4-4181-b69f-123b54ef963b}</UniqueIdentifier>
    </Filter>
  </ItemGroup>
  <ItemGroup>
    <Image Include="Engine\assets\isometricMask.png">
      <Filter>Engine\assets</Filter>
    </Image>
    <Image Include="Engine\assets\ascii-sheets\high.png">
      <Filter>Engine\assets\ascii-sheets</Filter>
    </Image>
    <Image Include="Engine\assets\ascii-sheets\low.png">
      <Filter>Engine\assets\ascii-sheets</Filter>
    </Image>
    <Image Include="Content\Sprites\gui\armor_bar.png">
      <Filter>Content\Sprites\gui</Filter>
    </Image>
    <Image Include="Content\Sprites\gui\button.png">
      <Filter>Content\Sprites\gui</Filter>
    </Image>
    <Image Include="Content\Sprites\gui\crosshair.png">
      <Filter>Content\Sprites\gui</Filter>
    </Image>
    <Image Include="Content\Sprites\gui\fakecraft_logo.png">
      <Filter>Content\Sprites\gui</Filter>
    </Image>
    <Image Include="Content\Sprites\gui\half_armor_bar.png">
      <Filter>Content\Sprites\gui</Filter>
    </Image>
    <Image Include="Content\Sprites\gui\half_heart.png">
      <Filter>Content\Sprites\gui</Filter>
    </Image>
    <Image Include="Content\Sprites\gui\heart.png">
      <Filter>Content\Sprites\gui</Filter>
    </Image>
    <Image Include="Content\Sprites\gui\hotbar.png">
      <Filter>Content\Sprites\gui</Filter>
    </Image>
    <Image Include="Content\Sprites\gui\missing_armor_bar.png">
      <Filter>Content\Sprites\gui</Filter>
    </Image>
    <Image Include="Content\Sprites\gui\missing_heart.png">
      <Filter>Content\Sprites\gui</Filter>
    </Image>
    <Image Include="Content\Sprites\gui\selected_item.png">
      <Filter>Content\Sprites\gui</Filter>
    </Image>
    <Image Include="Content\Sprites\gui\selectedButton.png">
      <Filter>Content\Sprites\gui</Filter>
    </Image>
    <Image Include="Content\Sprites\gui\unselectableButton.png">
      <Filter>Content\Sprites\gui</Filter>
    </Image>
    <Image Include="Content\Sprites\blocks\acacia_leaves.png">
      <Filter>Content\Sprites\blocks</Filter>
    </Image>
    <Image Include="Content\Sprites\blocks\acacia_log.png">
      <Filter>Content\Sprites\blocks</Filter>
    </Image>
    <Image Include="Content\Sprites\blocks\acacia_log_top.png">
      <Filter>Content\Sprites\blocks</Filter>
    </Image>
    <Image Include="Content\Sprites\blocks\acacia_planks.png">
      <Filter>Content\Sprites\blocks</Filter>
    </Image>
    <Image Include="Content\Sprites\blocks\bedrock.png">
      <Filter>Content\Sprites\blocks</Filter>
    </Image>
    <Image Include="Content\Sprites\blocks\birch_leaves.png">
      <Filter>Content\Sprites\blocks</Filter>
    </Image>
    <Image Include="Content\Sprites\blocks\birch_log.png">
      <Filter>Content\Sprites\blocks</Filter>
    </Image>
    <Image Include="Content\Sprites\blocks\birch_log_top.png">
      <Filter>Content\Sprites\blocks</Filter>
    </Image>
    <Image Include="Content\Sprites\blocks\birch_planks.png">
      <Filter>Content\Sprites\blocks</Filter>
    </Image>
    <Image Include="Content\Sprites\blocks\cactus_bottom.png">
      <Filter>Content\Sprites\blocks</Filter>
    </Image>
    <Image Include="Content\Sprites\blocks\cactus_side.png">
      <Filter>Content\Sprites\blocks</Filter>
    </Image>
    <Image Include="Content\Sprites\blocks\cactus_top.png">
      <Filter>Content\Sprites\blocks</Filter>
    </Image>
    <Image Include="Content\Sprites\blocks\coal_ore.png">
      <Filter>Content\Sprites\blocks</Filter>
    </Image>
    <Image Include="Content\Sprites\blocks\cobblestone.png">
      <Filter>Content\Sprites\blocks</Filter>
    </Image>
    <Image Include="Content\Sprites\blocks\dark_oak_leaves.png">
      <Filter>Content\Sprites\blocks</Filter>
    </Image>
    <Image Include="Content\Sprites\blocks\dark_oak_log.png">
      <Filter>Content\Sprites\blocks</Filter>
    </Image>
    <Image Include="Content\Sprites\blocks\dark_oak_log_top.png">
      <Filter>Content\Sprites\blocks</Filter>
    </Image>
    <Image Include="Content\Sprites\blocks\dark_oak_planks.png">
      <Filter>Content\Sprites\blocks</Filter>
    </Image>
    <Image Include="Content\Sprites\blocks\dead_bush.png">
      <Filter>Content\Sprites\blocks</Filter>
    </Image>
    <Image Include="Content\Sprites\blocks\destroy_stage_0.png">
      <Filter>Content\Sprites\blocks</Filter>
    </Image>
    <Image Include="Content\Sprites\blocks\destroy_stage_1.png">
      <Filter>Content\Sprites\blocks</Filter>
    </Image>
    <Image Include="Content\Sprites\blocks\destroy_stage_2.png">
      <Filter>Content\Sprites\blocks</Filter>
    </Image>
    <Image Include="Content\Sprites\blocks\destroy_stage_3.png">
      <Filter>Content\Sprites\blocks</Filter>
    </Image>
    <Image Include="Content\Sprites\blocks\destroy_stage_4.png">
      <Filter>Content\Sprites\blocks</Filter>
    </Image>
    <Image Include="Content\Sprites\blocks\destroy_stage_5.png">
      <Filter>Content\Sprites\blocks</Filter>
    </Image>
    <Image Include="Content\Sprites\blocks\destroy_stage_6.png">
      <Filter>Content\Sprites\blocks</Filter>
    </Image>
    <Image Include="Content\Sprites\blocks\destroy_stage_7.png">
      <Filter>Content\Sprites\blocks</Filter>
    </Image>
    <Image Include="Content\Sprites\blocks\destroy_stage_8.png">
      <Filter>Content\Sprites\blocks</Filter>
    </Image>
    <Image Include="Content\Sprites\blocks\destroy_stage_9.png">
      <Filter>Content\Sprites\blocks</Filter>
    </Image>
    <Image Include="Content\Sprites\blocks\diamond_ore.png">
      <Filter>Content\Sprites\blocks</Filter>
    </Image>
    <Image Include="Content\Sprites\blocks\dirt.png">
      <Filter>Content\Sprites\blocks</Filter>
    </Image>
    <Image Include="Content\Sprites\blocks\emerald_ore.png">
      <Filter>Content\Sprites\blocks</Filter>
    </Image>
    <Image Include="Content\Sprites\blocks\gold_ore.png">
      <Filter>Content\Sprites\blocks</Filter>
    </Image>
    <Image Include="Content\Sprites\blocks\grass.png">
      <Filter>Content\Sprites\blocks</Filter>
    </Image>
    <Image Include="Content\Sprites\blocks\grass_block_side.png">
      <Filter>Content\Sprites\blocks</Filter>
    </Image>
    <Image Include="Content\Sprites\blocks\grass_block_top.png">
      <Filter>Content\Sprites\blocks</Filter>
    </Image>
    <Image Include="Content\Sprites\blocks\gravel.png">
      <Filter>Content\Sprites\blocks</Filter>
    </Image>
    <Image Include="Content\Sprites\blocks\iron_ore.png">
      <Filter>Content\Sprites\blocks</Filter>
    </Image>
    <Image Include="Content\Sprites\blocks\jungle_leaves.png">
      <Filter>Content\Sprites\blocks</Filter>
    </Image>
    <Image Include="Content\Sprites\blocks\jungle_log.png">
      <Filter>Content\Sprites\blocks</Filter>
    </Image>
    <Image Include="Content\Sprites\blocks\jungle_log_top.png">
      <Filter>Content\Sprites\blocks</Filter>
    </Image>
    <Image Include="Content\Sprites\blocks\jungle_planks.png">
      <Filter>Content\Sprites\blocks</Filter>
    </Image>
    <Image Include="Content\Sprites\blocks\lapis_ore.png">
      <Filter>Content\Sprites\blocks</Filter>
    </Image>
    <Image Include="Content\Sprites\blocks\oak_leaves.png">
      <Filter>Content\Sprites\blocks</Filter>
    </Image>
    <Image Include="Content\Sprites\blocks\oak_log.png">
      <Filter>Content\Sprites\blocks</Filter>
    </Image>
    <Image Include="Content\Sprites\blocks\oak_log_top.png">
      <Filter>Content\Sprites\blocks</Filter>
    </Image>
    <Image Include="Content\Sprites\blocks\oak_planks.png">
      <Filter>Content\Sprites\blocks</Filter>
    </Image>
    <Image Include="Content\Sprites\blocks\red_sand.png">
      <Filter>Content\Sprites\blocks</Filter>
    </Image>
    <Image Include="Content\Sprites\blocks\redstone_ore.png">
      <Filter>Content\Sprites\blocks</Filter>
    </Image>
    <Image Include="Content\Sprites\blocks\sand.png">
      <Filter>Content\Sprites\blocks</Filter>
    </Image>
    <Image Include="Content\Sprites\blocks\spruce_leaves.png">
      <Filter>Content\Sprites\blocks</Filter>
    </Image>
    <Image Include="Content\Sprites\blocks\spruce_log.png">
      <Filter>Content\Sprites\blocks</Filter>
    </Image>
    <Image Include="Content\Sprites\blocks\spruce_log_top.png">
      <Filter>Content\Sprites\blocks</Filter>
    </Image>
    <Image Include="Content\Sprites\blocks\spruce_planks.png">
      <Filter>Content\Sprites\blocks</Filter>
    </Image>
    <Image Include="Content\Sprites\blocks\stone.png">
      <Filter>Content\Sprites\blocks</Filter>
    </Image>
  </ItemGroup>
  <ItemGroup>
    <ClInclude Include="Engine\GUI\Alignment.h">
      <Filter>Engine\GUI</Filter>
    </ClInclude>
    <ClInclude Include="Engine\GUI\Button.h">
      <Filter>Engine\GUI</Filter>
    </ClInclude>
    <ClInclude Include="Engine\GUI\Label.h">
      <Filter>Engine\GUI</Filter>
    </ClInclude>
    <ClInclude Include="Engine\GUI\Panel.h">
      <Filter>Engine\GUI</Filter>
    </ClInclude>
    <ClInclude Include="Engine\GUI\Picture.h">
      <Filter>Engine\GUI</Filter>
    </ClInclude>
    <ClInclude Include="Engine\GUI\UserInterface.h">
      <Filter>Engine\GUI</Filter>
    </ClInclude>
    <ClInclude Include="Engine\GUI\Widget.h">
      <Filter>Engine\GUI</Filter>
    </ClInclude>
    <ClInclude Include="Engine\Camera.h">
      <Filter>Engine\Header Files</Filter>
    </ClInclude>
    <ClInclude Include="Engine\defines.h">
      <Filter>Engine\Header Files</Filter>
    </ClInclude>
    <ClInclude Include="Engine\Engine.h">
      <Filter>Engine\Header Files</Filter>
    </ClInclude>
    <ClInclude Include="Engine\GUIEngine.h">
      <Filter>Engine\Header Files</Filter>
    </ClInclude>
    <ClInclude Include="Engine\IndexBuffer.h">
      <Filter>Engine\Header Files</Filter>
    </ClInclude>
    <ClInclude Include="Engine\IsometricView.h">
      <Filter>Engine\Header Files</Filter>
    </ClInclude>
    <ClInclude Include="Engine\KeyManager.h">
      <Filter>Engine\Header Files</Filter>
    </ClInclude>
    <ClInclude Include="Engine\MathHelper.h">
      <Filter>Engine\Header Files</Filter>
    </ClInclude>
    <ClInclude Include="Engine\Pixel.h">
      <Filter>Engine\Header Files</Filter>
    </ClInclude>
    <ClInclude Include="Engine\RenderTarget.h">
      <Filter>Engine\Header Files</Filter>
    </ClInclude>
    <ClInclude Include="Engine\Shader.h">
      <Filter>Engine\Header Files</Filter>
    </ClInclude>
    <ClInclude Include="Engine\TextureAtlas.h">
      <Filter>Engine\Header Files</Filter>
    </ClInclude>
    <ClInclude Include="Engine\Timer.h">
      <Filter>Engine\Header Files</Filter>
    </ClInclude>
    <ClInclude Include="Engine\TransformedView.h">
      <Filter>Engine\Header Files</Filter>
    </ClInclude>
    <ClInclude Include="Engine\util.h">
      <Filter>Engine\Header Files</Filter>
    </ClInclude>
    <ClInclude Include="Engine\vec2d.h">
      <Filter>Engine\Header Files</Filter>
    </ClInclude>
    <ClInclude Include="Engine\vec3d.h">
      <Filter>Engine\Header Files</Filter>
    </ClInclude>
    <ClInclude Include="Engine\VertexBuffer.h">
      <Filter>Engine\Header Files</Filter>
    </ClInclude>
    <ClInclude Include="Engine\BaseImage.h">
      <Filter>Engine\Header Files\Image</Filter>
    </ClInclude>
    <ClInclude Include="Engine\Image2D.h">
      <Filter>Engine\Header Files\Image</Filter>
    </ClInclude>
    <ClInclude Include="Engine\Array1D.h">
      <Filter>Engine\Header Files\Array</Filter>
    </ClInclude>
    <ClInclude Include="Engine\Array2D.h">
      <Filter>Engine\Header Files\Array</Filter>
    </ClInclude>
    <ClInclude Include="Engine\Array3D.h">
      <Filter>Engine\Header Files\Array</Filter>
    </ClInclude>
    <ClInclude Include="Engine\TextureId.h">
      <Filter>Engine\Header Files\Sprite</Filter>
    </ClInclude>
    <ClInclude Include="Engine\Sprite2D.h">
      <Filter>Engine\Header Files\Sprite</Filter>
    </ClInclude>
    <ClInclude Include="Engine\SpriteManager.h">
      <Filter>Engine\Header Files\Sprite</Filter>
    </ClInclude>
    <ClInclude Include="Engine\SpriteShader.h">
      <Filter>Engine\Header Files\Sprite</Filter>
    </ClInclude>
    <ClInclude Include="Engine\SpriteShader3D.h">
      <Filter>Engine\Header Files\Sprite</Filter>
    </ClInclude>
    <ClInclude Include="Engine\Image1D.h">
      <Filter>Engine\Header Files\Image</Filter>
    </ClInclude>
    <ClInclude Include="Engine\Image3D.h">
      <Filter>Engine\Header Files\Image</Filter>
    </ClInclude>
    <ClInclude Include="Engine\Decal3D.h">
      <Filter>Engine\Header Files\Decal</Filter>
    </ClInclude>
    <ClInclude Include="Engine\Decal.h">
      <Filter>Engine\Header Files\Decal</Filter>
    </ClInclude>
    <ClInclude Include="Engine\StringDecal.h">
      <Filter>Engine\Header Files\Decal</Filter>
    </ClInclude>
    <ClInclude Include="Engine\Sprite3D.h">
      <Filter>Engine\Header Files\Sprite</Filter>
    </ClInclude>
    <ClInclude Include="Engine\BaseSprite.h">
      <Filter>Engine\Header Files\Sprite</Filter>
    </ClInclude>
    <ClInclude Include="GameMechanics\CoreGame\Block.h">
      <Filter>GameMechanics\CoreGame</Filter>
    </ClInclude>
    <ClInclude Include="GameMechanics\CoreGame\BlockId.h">
      <Filter>GameMechanics\CoreGame</Filter>
    </ClInclude>
    <ClInclude Include="GameMechanics\CoreGame\BlockManager.h">
      <Filter>GameMechanics\CoreGame</Filter>
    </ClInclude>
    <ClInclude Include="GameMechanics\CoreGame\FaceId.h">
      <Filter>GameMechanics\CoreGame</Filter>
    </ClInclude>
    <ClInclude Include="GameMechanics\CoreGame\Facing.h">
      <Filter>GameMechanics\CoreGame</Filter>
    </ClInclude>
    <ClInclude Include="GameMechanics\Entity\Entity.h">
      <Filter>GameMechanics\Entity</Filter>
    </ClInclude>
    <ClInclude Include="GameMechanics\Entity\Player.h">
      <Filter>GameMechanics\Entity</Filter>
    </ClInclude>
    <ClInclude Include="GameMechanics\Gamemode\Gamemode.h">
      <Filter>GameMechanics\Gamemode</Filter>
    </ClInclude>
    <ClInclude Include="Physics\CollisionSystem.h">
      <Filter>Physics</Filter>
    </ClInclude>
    <ClInclude Include="Physics\Hitbox.h">
      <Filter>Physics</Filter>
    </ClInclude>
    <ClInclude Include="Physics\Constants.h">
      <Filter>Physics</Filter>
    </ClInclude>
    <ClInclude Include="Render\BlockHighlight.h">
      <Filter>Render</Filter>
    </ClInclude>
    <ClInclude Include="Render\BlockShader.h">
      <Filter>Render</Filter>
    </ClInclude>
    <ClInclude Include="Render\Chunk.h">
      <Filter>Render</Filter>
    </ClInclude>
    <ClInclude Include="Render\ChunkDefines.h">
      <Filter>Render</Filter>
    </ClInclude>
    <ClInclude Include="Render\FaceTemplate.h">
      <Filter>Render</Filter>
    </ClInclude>
    <ClInclude Include="Render\Game.h">
      <Filter>Render</Filter>
    </ClInclude>
    <ClInclude Include="Render\GUI_Overlay.h">
      <Filter>Render</Filter>
    </ClInclude>
    <ClInclude Include="Render\LineShader.h">
      <Filter>Render</Filter>
    </ClInclude>
    <ClInclude Include="Render\World.h">
      <Filter>Render</Filter>
    </ClInclude>
  </ItemGroup>
  <ItemGroup>
    <None Include="Engine\Shader\sprite3d\sprite3d.frag">
      <Filter>Engine\Shader\sprite3d</Filter>
    </None>
    <None Include="Engine\Shader\sprite3d\sprite3d.vert">
      <Filter>Engine\Shader\sprite3d</Filter>
    </None>
    <None Include="Engine\Shader\sprite2d\spriteShader.frag">
      <Filter>Engine\Shader\sprite2d</Filter>
    </None>
    <None Include="Engine\Shader\sprite2d\spriteShader.vert">
      <Filter>Engine\Shader\sprite2d</Filter>
    </None>
    <None Include="content\shader\blockShader.frag">
      <Filter>Content\Shader</Filter>
    </None>
    <None Include="content\shader\blockShader.vert">
      <Filter>Content\Shader</Filter>
    </None>
    <None Include="content\shader\lineShader.frag">
      <Filter>Content\Shader</Filter>
    </None>
    <None Include="content\shader\lineShader.vert">
      <Filter>Content\Shader</Filter>
    </None>
  </ItemGroup>
  <ItemGroup>
    <ClCompile Include="Engine\Engine.cpp">
      <Filter>Engine\Source Files</Filter>
    </ClCompile>
    <ClCompile Include="Engine\stbi.cpp">
      <Filter>Engine\Source Files</Filter>
    </ClCompile>
    <ClCompile Include="Main.cpp">
      <Filter>Source Files</Filter>
    </ClCompile>
  </ItemGroup>
</Project>